{
  "name": "help",
  "lockfileVersion": 3,
  "requires": true,
  "packages": {
    "": {
      "dependencies": {
        "sweetalert2": "^11.7.31"
      }
    },
    "node_modules/sweetalert2": {
      "version": "11.7.31",
      "resolved": "https://registry.npmjs.org/sweetalert2/-/sweetalert2-11.7.31.tgz",
      "integrity": "sha512-AVNODg41LqhC241UHTanW2ZQdh0ziiw+Gc3Dmy1EuCFP+g09P3mBEhvauU88J3JLEX6UpTfhp7iok9t8uhEdQQ==",
      "funding": {
        "type": "individual",
        "url": "https://github.com/sponsors/limonte"
      }
    }
  }
}
